
Microsoft Visual Studio Solution File, Format Version 12.00
# Visual Studio 14
VisualStudioVersion = 14.0.23107.0
MinimumVisualStudioVersion = 10.0.40219.1
Project("{8BC9CEB8-8B4A-11D0-8D11-00A0C91BC942}") = "Factorial", "Factorial\Factorial.vcxproj", "{EB6327A7-AB2E-4470-83B2-F9B3D6545F01}"
EndProject
Project("{8BC9CEB8-8B4A-11D0-8D11-00A0C91BC942}") = "MaxConsecutiveSum", "MaxConsecutiveSum\MaxConsecutiveSum.vcxproj", "{65BAA33E-EE72-4E86-8A8A-5CBBF0E8BDF6}"
EndProject
Project("{8BC9CEB8-8B4A-11D0-8D11-00A0C91BC942}") = "NumberPartition", "NumberPartition\NumberPartition.vcxproj", "{D559B091-E7C3-45E4-B8EF-858FEC991F44}"
EndProject
Project("{8BC9CEB8-8B4A-11D0-8D11-00A0C91BC942}") = "Fibonacci", "Fibonacci\Fibonacci.vcxproj", "{0B18AF12-93B3-4681-95FD-624167C0DC00}"
EndProject
Project("{8BC9CEB8-8B4A-11D0-8D11-00A0C91BC942}") = "Binomial", "Binomial\Binomial.vcxproj", "{3163E2DC-B520-4AA4-9129-D44F731F6D26}"
EndProject
Project("{8BC9CEB8-8B4A-11D0-8D11-00A0C91BC942}") = "CatalanNumber", "CatalanNumber\CatalanNumber.vcxproj", "{FC939A18-830B-4992-92A5-AC832F4020E4}"
EndProject
Project("{8BC9CEB8-8B4A-11D0-8D11-00A0C91BC942}") = "LongestCommonSubsequence", "LongestCommonSubsequence\LongestCommonSubsequence.vcxproj", "{57DC8CC5-56AB-4EED-9D20-41E1AD5D2E8C}"
EndProject
Project("{8BC9CEB8-8B4A-11D0-8D11-00A0C91BC942}") = "MaxNonConsecutiveSum", "MaxNonConsecutiveSum\MaxNonConsecutiveSum.vcxproj", "{13A8C68E-D470-4083-9811-B8FB59C20E23}"
EndProject
Project("{8BC9CEB8-8B4A-11D0-8D11-00A0C91BC942}") = "FindMatchingSum", "FindMatchingSum\FindMatchingSum.vcxproj", "{0029D8F6-3EB6-488F-83C1-EFC8DE465E58}"
EndProject
Project("{8BC9CEB8-8B4A-11D0-8D11-00A0C91BC942}") = "LongestCommonSubstring", "LongestCommonSubstring\LongestCommonSubstring.vcxproj", "{325C630A-A963-4B2A-A83E-48DB6DCD7071}"
EndProject
Project("{8BC9CEB8-8B4A-11D0-8D11-00A0C91BC942}") = "LongestIncreasingSubsequence", "LongestIncreasingSubsequence\LongestIncreasingSubsequence.vcxproj", "{33886C94-1DA9-445E-9A58-5F0E04555F03}"
EndProject
Project("{8BC9CEB8-8B4A-11D0-8D11-00A0C91BC942}") = "KnapsackZeroOne", "KnapsackZeroOne\KnapsackZeroOne.vcxproj", "{6CC85CF9-9E14-4F1E-89B6-E6F6452D99D8}"
EndProject
Project("{8BC9CEB8-8B4A-11D0-8D11-00A0C91BC942}") = "Knapsack", "Knapsack\Knapsack.vcxproj", "{24EFEF0E-FB8A-4CF0-8A2F-2F4E53FB3206}"
EndProject
Project("{8BC9CEB8-8B4A-11D0-8D11-00A0C91BC942}") = "CoinExchange", "CoinExchange\CoinExchange.vcxproj", "{3E3F5C3D-FC44-4E90-825D-A9CC0D33FF47}"
EndProject
Project("{8BC9CEB8-8B4A-11D0-8D11-00A0C91BC942}") = "BoxStacking", "BoxStacking\BoxStacking.vcxproj", "{77398C02-C8D6-415F-AECF-32F34C5EFDDD}"
EndProject
Project("{8BC9CEB8-8B4A-11D0-8D11-00A0C91BC942}") = "OptimalMatrixMultiplication", "OptimalMatrixMultiplication\OptimalMatrixMultiplication.vcxproj", "{CC932780-CB03-4950-9820-AAB90B7174D0}"
EndProject
Project("{8BC9CEB8-8B4A-11D0-8D11-00A0C91BC942}") = "LogicalExpression", "LogicalExpression\LogicalExpression.vcxproj", "{71749B18-E634-4EC9-9012-9F0A5C0AC9B3}"
EndProject
Project("{8BC9CEB8-8B4A-11D0-8D11-00A0C91BC942}") = "OptimalBinarySearchTree", "OptimalBinarySearchTree\OptimalBinarySearchTree.vcxproj", "{C9E9D692-32BC-4879-8F13-95DA0C151835}"
EndProject
Project("{8BC9CEB8-8B4A-11D0-8D11-00A0C91BC942}") = "EditDistance", "EditDistance\EditDistance.vcxproj", "{95FBB5B3-8509-426A-B13E-FB457CE1A22F}"
EndProject
Project("{8BC9CEB8-8B4A-11D0-8D11-00A0C91BC942}") = "WildcardMatching", "WildcardMatching\WildcardMatching.vcxproj", "{DFC98925-D266-4F72-9B80-4B783D11BA7C}"
EndProject
Project("{8BC9CEB8-8B4A-11D0-8D11-00A0C91BC942}") = "LongestPalindromeSubsequence", "LongestPalindromeSubsequence\LongestPalindromeSubsequence.vcxproj", "{7A2A5E51-570B-42F2-B82A-95EC83E322B4}"
EndProject
Project("{8BC9CEB8-8B4A-11D0-8D11-00A0C91BC942}") = "LongestPalindromeSubstring", "LongestPalindromeSubstring\LongestPalindromeSubstring.vcxproj", "{868BDC05-C152-4227-997E-03B1162B4CE0}"
EndProject
Project("{8BC9CEB8-8B4A-11D0-8D11-00A0C91BC942}") = "FindSubsequence", "FindSubsequence\FindSubsequence.vcxproj", "{3A20B17B-5218-40E4-A497-02BE391B7D81}"
EndProject
Project("{8BC9CEB8-8B4A-11D0-8D11-00A0C91BC942}") = "MaxProfitPath", "MaxProfitPath\MaxProfitPath.vcxproj", "{596B94C8-3EB6-417F-9CCB-B11AED73CED8}"
EndProject
Project("{8BC9CEB8-8B4A-11D0-8D11-00A0C91BC942}") = "MaxAllZeroRectAndSquare", "MaxAllZeroRectAndSquare\MaxAllZeroRectAndSquare.vcxproj", "{527C9C21-CCD8-4C22-BAEB-69F2B4FBBB92}"
EndProject
Project("{8BC9CEB8-8B4A-11D0-8D11-00A0C91BC942}") = "MinJumps", "MinJumps\MinJumps.vcxproj", "{ADF5BAAD-BACE-4683-97B2-2C77B693DB96}"
EndProject
Global
	GlobalSection(SolutionConfigurationPlatforms) = preSolution
		Debug|x64 = Debug|x64
		Debug|x86 = Debug|x86
		Release|x64 = Release|x64
		Release|x86 = Release|x86
	EndGlobalSection
	GlobalSection(ProjectConfigurationPlatforms) = postSolution
		{EB6327A7-AB2E-4470-83B2-F9B3D6545F01}.Debug|x64.ActiveCfg = Debug|x64
		{EB6327A7-AB2E-4470-83B2-F9B3D6545F01}.Debug|x64.Build.0 = Debug|x64
		{EB6327A7-AB2E-4470-83B2-F9B3D6545F01}.Debug|x86.ActiveCfg = Debug|Win32
		{EB6327A7-AB2E-4470-83B2-F9B3D6545F01}.Debug|x86.Build.0 = Debug|Win32
		{EB6327A7-AB2E-4470-83B2-F9B3D6545F01}.Release|x64.ActiveCfg = Release|x64
		{EB6327A7-AB2E-4470-83B2-F9B3D6545F01}.Release|x64.Build.0 = Release|x64
		{EB6327A7-AB2E-4470-83B2-F9B3D6545F01}.Release|x86.ActiveCfg = Release|Win32
		{EB6327A7-AB2E-4470-83B2-F9B3D6545F01}.Release|x86.Build.0 = Release|Win32
		{65BAA33E-EE72-4E86-8A8A-5CBBF0E8BDF6}.Debug|x64.ActiveCfg = Debug|x64
		{65BAA33E-EE72-4E86-8A8A-5CBBF0E8BDF6}.Debug|x64.Build.0 = Debug|x64
		{65BAA33E-EE72-4E86-8A8A-5CBBF0E8BDF6}.Debug|x86.ActiveCfg = Debug|Win32
		{65BAA33E-EE72-4E86-8A8A-5CBBF0E8BDF6}.Debug|x86.Build.0 = Debug|Win32
		{65BAA33E-EE72-4E86-8A8A-5CBBF0E8BDF6}.Release|x64.ActiveCfg = Release|x64
		{65BAA33E-EE72-4E86-8A8A-5CBBF0E8BDF6}.Release|x64.Build.0 = Release|x64
		{65BAA33E-EE72-4E86-8A8A-5CBBF0E8BDF6}.Release|x86.ActiveCfg = Release|Win32
		{65BAA33E-EE72-4E86-8A8A-5CBBF0E8BDF6}.Release|x86.Build.0 = Release|Win32
		{D559B091-E7C3-45E4-B8EF-858FEC991F44}.Debug|x64.ActiveCfg = Debug|x64
		{D559B091-E7C3-45E4-B8EF-858FEC991F44}.Debug|x64.Build.0 = Debug|x64
		{D559B091-E7C3-45E4-B8EF-858FEC991F44}.Debug|x86.ActiveCfg = Debug|Win32
		{D559B091-E7C3-45E4-B8EF-858FEC991F44}.Debug|x86.Build.0 = Debug|Win32
		{D559B091-E7C3-45E4-B8EF-858FEC991F44}.Release|x64.ActiveCfg = Release|x64
		{D559B091-E7C3-45E4-B8EF-858FEC991F44}.Release|x64.Build.0 = Release|x64
		{D559B091-E7C3-45E4-B8EF-858FEC991F44}.Release|x86.ActiveCfg = Release|Win32
		{D559B091-E7C3-45E4-B8EF-858FEC991F44}.Release|x86.Build.0 = Release|Win32
		{0B18AF12-93B3-4681-95FD-624167C0DC00}.Debug|x64.ActiveCfg = Debug|x64
		{0B18AF12-93B3-4681-95FD-624167C0DC00}.Debug|x64.Build.0 = Debug|x64
		{0B18AF12-93B3-4681-95FD-624167C0DC00}.Debug|x86.ActiveCfg = Debug|Win32
		{0B18AF12-93B3-4681-95FD-624167C0DC00}.Debug|x86.Build.0 = Debug|Win32
		{0B18AF12-93B3-4681-95FD-624167C0DC00}.Release|x64.ActiveCfg = Release|x64
		{0B18AF12-93B3-4681-95FD-624167C0DC00}.Release|x64.Build.0 = Release|x64
		{0B18AF12-93B3-4681-95FD-624167C0DC00}.Release|x86.ActiveCfg = Release|Win32
		{0B18AF12-93B3-4681-95FD-624167C0DC00}.Release|x86.Build.0 = Release|Win32
		{3163E2DC-B520-4AA4-9129-D44F731F6D26}.Debug|x64.ActiveCfg = Debug|x64
		{3163E2DC-B520-4AA4-9129-D44F731F6D26}.Debug|x64.Build.0 = Debug|x64
		{3163E2DC-B520-4AA4-9129-D44F731F6D26}.Debug|x86.ActiveCfg = Debug|Win32
		{3163E2DC-B520-4AA4-9129-D44F731F6D26}.Debug|x86.Build.0 = Debug|Win32
		{3163E2DC-B520-4AA4-9129-D44F731F6D26}.Release|x64.ActiveCfg = Release|x64
		{3163E2DC-B520-4AA4-9129-D44F731F6D26}.Release|x64.Build.0 = Release|x64
		{3163E2DC-B520-4AA4-9129-D44F731F6D26}.Release|x86.ActiveCfg = Release|Win32
		{3163E2DC-B520-4AA4-9129-D44F731F6D26}.Release|x86.Build.0 = Release|Win32
		{FC939A18-830B-4992-92A5-AC832F4020E4}.Debug|x64.ActiveCfg = Debug|x64
		{FC939A18-830B-4992-92A5-AC832F4020E4}.Debug|x64.Build.0 = Debug|x64
		{FC939A18-830B-4992-92A5-AC832F4020E4}.Debug|x86.ActiveCfg = Debug|Win32
		{FC939A18-830B-4992-92A5-AC832F4020E4}.Debug|x86.Build.0 = Debug|Win32
		{FC939A18-830B-4992-92A5-AC832F4020E4}.Release|x64.ActiveCfg = Release|x64
		{FC939A18-830B-4992-92A5-AC832F4020E4}.Release|x64.Build.0 = Release|x64
		{FC939A18-830B-4992-92A5-AC832F4020E4}.Release|x86.ActiveCfg = Release|Win32
		{FC939A18-830B-4992-92A5-AC832F4020E4}.Release|x86.Build.0 = Release|Win32
		{57DC8CC5-56AB-4EED-9D20-41E1AD5D2E8C}.Debug|x64.ActiveCfg = Debug|x64
		{57DC8CC5-56AB-4EED-9D20-41E1AD5D2E8C}.Debug|x64.Build.0 = Debug|x64
		{57DC8CC5-56AB-4EED-9D20-41E1AD5D2E8C}.Debug|x86.ActiveCfg = Debug|Win32
		{57DC8CC5-56AB-4EED-9D20-41E1AD5D2E8C}.Debug|x86.Build.0 = Debug|Win32
		{57DC8CC5-56AB-4EED-9D20-41E1AD5D2E8C}.Release|x64.ActiveCfg = Release|x64
		{57DC8CC5-56AB-4EED-9D20-41E1AD5D2E8C}.Release|x64.Build.0 = Release|x64
		{57DC8CC5-56AB-4EED-9D20-41E1AD5D2E8C}.Release|x86.ActiveCfg = Release|Win32
		{57DC8CC5-56AB-4EED-9D20-41E1AD5D2E8C}.Release|x86.Build.0 = Release|Win32
		{13A8C68E-D470-4083-9811-B8FB59C20E23}.Debug|x64.ActiveCfg = Debug|x64
		{13A8C68E-D470-4083-9811-B8FB59C20E23}.Debug|x64.Build.0 = Debug|x64
		{13A8C68E-D470-4083-9811-B8FB59C20E23}.Debug|x86.ActiveCfg = Debug|Win32
		{13A8C68E-D470-4083-9811-B8FB59C20E23}.Debug|x86.Build.0 = Debug|Win32
		{13A8C68E-D470-4083-9811-B8FB59C20E23}.Release|x64.ActiveCfg = Release|x64
		{13A8C68E-D470-4083-9811-B8FB59C20E23}.Release|x64.Build.0 = Release|x64
		{13A8C68E-D470-4083-9811-B8FB59C20E23}.Release|x86.ActiveCfg = Release|Win32
		{13A8C68E-D470-4083-9811-B8FB59C20E23}.Release|x86.Build.0 = Release|Win32
		{0029D8F6-3EB6-488F-83C1-EFC8DE465E58}.Debug|x64.ActiveCfg = Debug|x64
		{0029D8F6-3EB6-488F-83C1-EFC8DE465E58}.Debug|x64.Build.0 = Debug|x64
		{0029D8F6-3EB6-488F-83C1-EFC8DE465E58}.Debug|x86.ActiveCfg = Debug|Win32
		{0029D8F6-3EB6-488F-83C1-EFC8DE465E58}.Debug|x86.Build.0 = Debug|Win32
		{0029D8F6-3EB6-488F-83C1-EFC8DE465E58}.Release|x64.ActiveCfg = Release|x64
		{0029D8F6-3EB6-488F-83C1-EFC8DE465E58}.Release|x64.Build.0 = Release|x64
		{0029D8F6-3EB6-488F-83C1-EFC8DE465E58}.Release|x86.ActiveCfg = Release|Win32
		{0029D8F6-3EB6-488F-83C1-EFC8DE465E58}.Release|x86.Build.0 = Release|Win32
		{325C630A-A963-4B2A-A83E-48DB6DCD7071}.Debug|x64.ActiveCfg = Debug|x64
		{325C630A-A963-4B2A-A83E-48DB6DCD7071}.Debug|x64.Build.0 = Debug|x64
		{325C630A-A963-4B2A-A83E-48DB6DCD7071}.Debug|x86.ActiveCfg = Debug|Win32
		{325C630A-A963-4B2A-A83E-48DB6DCD7071}.Debug|x86.Build.0 = Debug|Win32
		{325C630A-A963-4B2A-A83E-48DB6DCD7071}.Release|x64.ActiveCfg = Release|x64
		{325C630A-A963-4B2A-A83E-48DB6DCD7071}.Release|x64.Build.0 = Release|x64
		{325C630A-A963-4B2A-A83E-48DB6DCD7071}.Release|x86.ActiveCfg = Release|Win32
		{325C630A-A963-4B2A-A83E-48DB6DCD7071}.Release|x86.Build.0 = Release|Win32
		{33886C94-1DA9-445E-9A58-5F0E04555F03}.Debug|x64.ActiveCfg = Debug|x64
		{33886C94-1DA9-445E-9A58-5F0E04555F03}.Debug|x64.Build.0 = Debug|x64
		{33886C94-1DA9-445E-9A58-5F0E04555F03}.Debug|x86.ActiveCfg = Debug|Win32
		{33886C94-1DA9-445E-9A58-5F0E04555F03}.Debug|x86.Build.0 = Debug|Win32
		{33886C94-1DA9-445E-9A58-5F0E04555F03}.Release|x64.ActiveCfg = Release|x64
		{33886C94-1DA9-445E-9A58-5F0E04555F03}.Release|x64.Build.0 = Release|x64
		{33886C94-1DA9-445E-9A58-5F0E04555F03}.Release|x86.ActiveCfg = Release|Win32
		{33886C94-1DA9-445E-9A58-5F0E04555F03}.Release|x86.Build.0 = Release|Win32
		{6CC85CF9-9E14-4F1E-89B6-E6F6452D99D8}.Debug|x64.ActiveCfg = Debug|x64
		{6CC85CF9-9E14-4F1E-89B6-E6F6452D99D8}.Debug|x64.Build.0 = Debug|x64
		{6CC85CF9-9E14-4F1E-89B6-E6F6452D99D8}.Debug|x86.ActiveCfg = Debug|Win32
		{6CC85CF9-9E14-4F1E-89B6-E6F6452D99D8}.Debug|x86.Build.0 = Debug|Win32
		{6CC85CF9-9E14-4F1E-89B6-E6F6452D99D8}.Release|x64.ActiveCfg = Release|x64
		{6CC85CF9-9E14-4F1E-89B6-E6F6452D99D8}.Release|x64.Build.0 = Release|x64
		{6CC85CF9-9E14-4F1E-89B6-E6F6452D99D8}.Release|x86.ActiveCfg = Release|Win32
		{6CC85CF9-9E14-4F1E-89B6-E6F6452D99D8}.Release|x86.Build.0 = Release|Win32
		{24EFEF0E-FB8A-4CF0-8A2F-2F4E53FB3206}.Debug|x64.ActiveCfg = Debug|x64
		{24EFEF0E-FB8A-4CF0-8A2F-2F4E53FB3206}.Debug|x64.Build.0 = Debug|x64
		{24EFEF0E-FB8A-4CF0-8A2F-2F4E53FB3206}.Debug|x86.ActiveCfg = Debug|Win32
		{24EFEF0E-FB8A-4CF0-8A2F-2F4E53FB3206}.Debug|x86.Build.0 = Debug|Win32
		{24EFEF0E-FB8A-4CF0-8A2F-2F4E53FB3206}.Release|x64.ActiveCfg = Release|x64
		{24EFEF0E-FB8A-4CF0-8A2F-2F4E53FB3206}.Release|x64.Build.0 = Release|x64
		{24EFEF0E-FB8A-4CF0-8A2F-2F4E53FB3206}.Release|x86.ActiveCfg = Release|Win32
		{24EFEF0E-FB8A-4CF0-8A2F-2F4E53FB3206}.Release|x86.Build.0 = Release|Win32
		{3E3F5C3D-FC44-4E90-825D-A9CC0D33FF47}.Debug|x64.ActiveCfg = Debug|x64
		{3E3F5C3D-FC44-4E90-825D-A9CC0D33FF47}.Debug|x64.Build.0 = Debug|x64
		{3E3F5C3D-FC44-4E90-825D-A9CC0D33FF47}.Debug|x86.ActiveCfg = Debug|Win32
		{3E3F5C3D-FC44-4E90-825D-A9CC0D33FF47}.Debug|x86.Build.0 = Debug|Win32
		{3E3F5C3D-FC44-4E90-825D-A9CC0D33FF47}.Release|x64.ActiveCfg = Release|x64
		{3E3F5C3D-FC44-4E90-825D-A9CC0D33FF47}.Release|x64.Build.0 = Release|x64
		{3E3F5C3D-FC44-4E90-825D-A9CC0D33FF47}.Release|x86.ActiveCfg = Release|Win32
		{3E3F5C3D-FC44-4E90-825D-A9CC0D33FF47}.Release|x86.Build.0 = Release|Win32
		{77398C02-C8D6-415F-AECF-32F34C5EFDDD}.Debug|x64.ActiveCfg = Debug|x64
		{77398C02-C8D6-415F-AECF-32F34C5EFDDD}.Debug|x64.Build.0 = Debug|x64
		{77398C02-C8D6-415F-AECF-32F34C5EFDDD}.Debug|x86.ActiveCfg = Debug|Win32
		{77398C02-C8D6-415F-AECF-32F34C5EFDDD}.Debug|x86.Build.0 = Debug|Win32
		{77398C02-C8D6-415F-AECF-32F34C5EFDDD}.Release|x64.ActiveCfg = Release|x64
		{77398C02-C8D6-415F-AECF-32F34C5EFDDD}.Release|x64.Build.0 = Release|x64
		{77398C02-C8D6-415F-AECF-32F34C5EFDDD}.Release|x86.ActiveCfg = Release|Win32
		{77398C02-C8D6-415F-AECF-32F34C5EFDDD}.Release|x86.Build.0 = Release|Win32
		{CC932780-CB03-4950-9820-AAB90B7174D0}.Debug|x64.ActiveCfg = Debug|x64
		{CC932780-CB03-4950-9820-AAB90B7174D0}.Debug|x64.Build.0 = Debug|x64
		{CC932780-CB03-4950-9820-AAB90B7174D0}.Debug|x86.ActiveCfg = Debug|Win32
		{CC932780-CB03-4950-9820-AAB90B7174D0}.Debug|x86.Build.0 = Debug|Win32
		{CC932780-CB03-4950-9820-AAB90B7174D0}.Release|x64.ActiveCfg = Release|x64
		{CC932780-CB03-4950-9820-AAB90B7174D0}.Release|x64.Build.0 = Release|x64
		{CC932780-CB03-4950-9820-AAB90B7174D0}.Release|x86.ActiveCfg = Release|Win32
		{CC932780-CB03-4950-9820-AAB90B7174D0}.Release|x86.Build.0 = Release|Win32
		{71749B18-E634-4EC9-9012-9F0A5C0AC9B3}.Debug|x64.ActiveCfg = Debug|x64
		{71749B18-E634-4EC9-9012-9F0A5C0AC9B3}.Debug|x64.Build.0 = Debug|x64
		{71749B18-E634-4EC9-9012-9F0A5C0AC9B3}.Debug|x86.ActiveCfg = Debug|Win32
		{71749B18-E634-4EC9-9012-9F0A5C0AC9B3}.Debug|x86.Build.0 = Debug|Win32
		{71749B18-E634-4EC9-9012-9F0A5C0AC9B3}.Release|x64.ActiveCfg = Release|x64
		{71749B18-E634-4EC9-9012-9F0A5C0AC9B3}.Release|x64.Build.0 = Release|x64
		{71749B18-E634-4EC9-9012-9F0A5C0AC9B3}.Release|x86.ActiveCfg = Release|Win32
		{71749B18-E634-4EC9-9012-9F0A5C0AC9B3}.Release|x86.Build.0 = Release|Win32
		{C9E9D692-32BC-4879-8F13-95DA0C151835}.Debug|x64.ActiveCfg = Debug|x64
		{C9E9D692-32BC-4879-8F13-95DA0C151835}.Debug|x64.Build.0 = Debug|x64
		{C9E9D692-32BC-4879-8F13-95DA0C151835}.Debug|x86.ActiveCfg = Debug|Win32
		{C9E9D692-32BC-4879-8F13-95DA0C151835}.Debug|x86.Build.0 = Debug|Win32
		{C9E9D692-32BC-4879-8F13-95DA0C151835}.Release|x64.ActiveCfg = Release|x64
		{C9E9D692-32BC-4879-8F13-95DA0C151835}.Release|x64.Build.0 = Release|x64
		{C9E9D692-32BC-4879-8F13-95DA0C151835}.Release|x86.ActiveCfg = Release|Win32
		{C9E9D692-32BC-4879-8F13-95DA0C151835}.Release|x86.Build.0 = Release|Win32
		{95FBB5B3-8509-426A-B13E-FB457CE1A22F}.Debug|x64.ActiveCfg = Debug|x64
		{95FBB5B3-8509-426A-B13E-FB457CE1A22F}.Debug|x64.Build.0 = Debug|x64
		{95FBB5B3-8509-426A-B13E-FB457CE1A22F}.Debug|x86.ActiveCfg = Debug|Win32
		{95FBB5B3-8509-426A-B13E-FB457CE1A22F}.Debug|x86.Build.0 = Debug|Win32
		{95FBB5B3-8509-426A-B13E-FB457CE1A22F}.Release|x64.ActiveCfg = Release|x64
		{95FBB5B3-8509-426A-B13E-FB457CE1A22F}.Release|x64.Build.0 = Release|x64
		{95FBB5B3-8509-426A-B13E-FB457CE1A22F}.Release|x86.ActiveCfg = Release|Win32
		{95FBB5B3-8509-426A-B13E-FB457CE1A22F}.Release|x86.Build.0 = Release|Win32
		{DFC98925-D266-4F72-9B80-4B783D11BA7C}.Debug|x64.ActiveCfg = Debug|x64
		{DFC98925-D266-4F72-9B80-4B783D11BA7C}.Debug|x64.Build.0 = Debug|x64
		{DFC98925-D266-4F72-9B80-4B783D11BA7C}.Debug|x86.ActiveCfg = Debug|Win32
		{DFC98925-D266-4F72-9B80-4B783D11BA7C}.Debug|x86.Build.0 = Debug|Win32
		{DFC98925-D266-4F72-9B80-4B783D11BA7C}.Release|x64.ActiveCfg = Release|x64
		{DFC98925-D266-4F72-9B80-4B783D11BA7C}.Release|x64.Build.0 = Release|x64
		{DFC98925-D266-4F72-9B80-4B783D11BA7C}.Release|x86.ActiveCfg = Release|Win32
		{DFC98925-D266-4F72-9B80-4B783D11BA7C}.Release|x86.Build.0 = Release|Win32
		{7A2A5E51-570B-42F2-B82A-95EC83E322B4}.Debug|x64.ActiveCfg = Debug|x64
		{7A2A5E51-570B-42F2-B82A-95EC83E322B4}.Debug|x64.Build.0 = Debug|x64
		{7A2A5E51-570B-42F2-B82A-95EC83E322B4}.Debug|x86.ActiveCfg = Debug|Win32
		{7A2A5E51-570B-42F2-B82A-95EC83E322B4}.Debug|x86.Build.0 = Debug|Win32
		{7A2A5E51-570B-42F2-B82A-95EC83E322B4}.Release|x64.ActiveCfg = Release|x64
		{7A2A5E51-570B-42F2-B82A-95EC83E322B4}.Release|x64.Build.0 = Release|x64
		{7A2A5E51-570B-42F2-B82A-95EC83E322B4}.Release|x86.ActiveCfg = Release|Win32
		{7A2A5E51-570B-42F2-B82A-95EC83E322B4}.Release|x86.Build.0 = Release|Win32
		{868BDC05-C152-4227-997E-03B1162B4CE0}.Debug|x64.ActiveCfg = Debug|x64
		{868BDC05-C152-4227-997E-03B1162B4CE0}.Debug|x64.Build.0 = Debug|x64
		{868BDC05-C152-4227-997E-03B1162B4CE0}.Debug|x86.ActiveCfg = Debug|Win32
		{868BDC05-C152-4227-997E-03B1162B4CE0}.Debug|x86.Build.0 = Debug|Win32
		{868BDC05-C152-4227-997E-03B1162B4CE0}.Release|x64.ActiveCfg = Release|x64
		{868BDC05-C152-4227-997E-03B1162B4CE0}.Release|x64.Build.0 = Release|x64
		{868BDC05-C152-4227-997E-03B1162B4CE0}.Release|x86.ActiveCfg = Release|Win32
		{868BDC05-C152-4227-997E-03B1162B4CE0}.Release|x86.Build.0 = Release|Win32
		{3A20B17B-5218-40E4-A497-02BE391B7D81}.Debug|x64.ActiveCfg = Debug|x64
		{3A20B17B-5218-40E4-A497-02BE391B7D81}.Debug|x64.Build.0 = Debug|x64
		{3A20B17B-5218-40E4-A497-02BE391B7D81}.Debug|x86.ActiveCfg = Debug|Win32
		{3A20B17B-5218-40E4-A497-02BE391B7D81}.Debug|x86.Build.0 = Debug|Win32
		{3A20B17B-5218-40E4-A497-02BE391B7D81}.Release|x64.ActiveCfg = Release|x64
		{3A20B17B-5218-40E4-A497-02BE391B7D81}.Release|x64.Build.0 = Release|x64
		{3A20B17B-5218-40E4-A497-02BE391B7D81}.Release|x86.ActiveCfg = Release|Win32
		{3A20B17B-5218-40E4-A497-02BE391B7D81}.Release|x86.Build.0 = Release|Win32
		{596B94C8-3EB6-417F-9CCB-B11AED73CED8}.Debug|x64.ActiveCfg = Debug|x64
		{596B94C8-3EB6-417F-9CCB-B11AED73CED8}.Debug|x64.Build.0 = Debug|x64
		{596B94C8-3EB6-417F-9CCB-B11AED73CED8}.Debug|x86.ActiveCfg = Debug|Win32
		{596B94C8-3EB6-417F-9CCB-B11AED73CED8}.Debug|x86.Build.0 = Debug|Win32
		{596B94C8-3EB6-417F-9CCB-B11AED73CED8}.Release|x64.ActiveCfg = Release|x64
		{596B94C8-3EB6-417F-9CCB-B11AED73CED8}.Release|x64.Build.0 = Release|x64
		{596B94C8-3EB6-417F-9CCB-B11AED73CED8}.Release|x86.ActiveCfg = Release|Win32
		{596B94C8-3EB6-417F-9CCB-B11AED73CED8}.Release|x86.Build.0 = Release|Win32
		{527C9C21-CCD8-4C22-BAEB-69F2B4FBBB92}.Debug|x64.ActiveCfg = Debug|x64
		{527C9C21-CCD8-4C22-BAEB-69F2B4FBBB92}.Debug|x64.Build.0 = Debug|x64
		{527C9C21-CCD8-4C22-BAEB-69F2B4FBBB92}.Debug|x86.ActiveCfg = Debug|Win32
		{527C9C21-CCD8-4C22-BAEB-69F2B4FBBB92}.Debug|x86.Build.0 = Debug|Win32
		{527C9C21-CCD8-4C22-BAEB-69F2B4FBBB92}.Release|x64.ActiveCfg = Release|x64
		{527C9C21-CCD8-4C22-BAEB-69F2B4FBBB92}.Release|x64.Build.0 = Release|x64
		{527C9C21-CCD8-4C22-BAEB-69F2B4FBBB92}.Release|x86.ActiveCfg = Release|Win32
		{527C9C21-CCD8-4C22-BAEB-69F2B4FBBB92}.Release|x86.Build.0 = Release|Win32
		{ADF5BAAD-BACE-4683-97B2-2C77B693DB96}.Debug|x64.ActiveCfg = Debug|x64
		{ADF5BAAD-BACE-4683-97B2-2C77B693DB96}.Debug|x64.Build.0 = Debug|x64
		{ADF5BAAD-BACE-4683-97B2-2C77B693DB96}.Debug|x86.ActiveCfg = Debug|Win32
		{ADF5BAAD-BACE-4683-97B2-2C77B693DB96}.Debug|x86.Build.0 = Debug|Win32
		{ADF5BAAD-BACE-4683-97B2-2C77B693DB96}.Release|x64.ActiveCfg = Release|x64
		{ADF5BAAD-BACE-4683-97B2-2C77B693DB96}.Release|x64.Build.0 = Release|x64
		{ADF5BAAD-BACE-4683-97B2-2C77B693DB96}.Release|x86.ActiveCfg = Release|Win32
		{ADF5BAAD-BACE-4683-97B2-2C77B693DB96}.Release|x86.Build.0 = Release|Win32
	EndGlobalSection
	GlobalSection(SolutionProperties) = preSolution
		HideSolutionNode = FALSE
	EndGlobalSection
EndGlobal
