
Microsoft Visual Studio Solution File, Format Version 12.00
# Visual Studio 14
VisualStudioVersion = 14.0.23107.0
MinimumVisualStudioVersion = 10.0.40219.1
Project("{8BC9CEB8-8B4A-11D0-8D11-00A0C91BC942}") = "Factorial", "Factorial\Factorial.vcxproj", "{EB6327A7-AB2E-4470-83B2-F9B3D6545F01}"
EndProject
Project("{8BC9CEB8-8B4A-11D0-8D11-00A0C91BC942}") = "MaxConsecutiveSum", "MaxConsecutiveSum\MaxConsecutiveSum.vcxproj", "{65BAA33E-EE72-4E86-8A8A-5CBBF0E8BDF6}"
EndProject
Project("{8BC9CEB8-8B4A-11D0-8D11-00A0C91BC942}") = "NumberPartition", "NumberPartition\NumberPartition.vcxproj", "{D559B091-E7C3-45E4-B8EF-858FEC991F44}"
EndProject
Project("{8BC9CEB8-8B4A-11D0-8D11-00A0C91BC942}") = "Fibonacci", "Fibonacci\Fibonacci.vcxproj", "{0B18AF12-93B3-4681-95FD-624167C0DC00}"
EndProject
Project("{8BC9CEB8-8B4A-11D0-8D11-00A0C91BC942}") = "Binomial", "Binomial\Binomial.vcxproj", "{3163E2DC-B520-4AA4-9129-D44F731F6D26}"
EndProject
Global
	GlobalSection(SolutionConfigurationPlatforms) = preSolution
		Debug|x64 = Debug|x64
		Debug|x86 = Debug|x86
		Release|x64 = Release|x64
		Release|x86 = Release|x86
	EndGlobalSection
	GlobalSection(ProjectConfigurationPlatforms) = postSolution
		{EB6327A7-AB2E-4470-83B2-F9B3D6545F01}.Debug|x64.ActiveCfg = Debug|x64
		{EB6327A7-AB2E-4470-83B2-F9B3D6545F01}.Debug|x64.Build.0 = Debug|x64
		{EB6327A7-AB2E-4470-83B2-F9B3D6545F01}.Debug|x86.ActiveCfg = Debug|Win32
		{EB6327A7-AB2E-4470-83B2-F9B3D6545F01}.Debug|x86.Build.0 = Debug|Win32
		{EB6327A7-AB2E-4470-83B2-F9B3D6545F01}.Release|x64.ActiveCfg = Release|x64
		{EB6327A7-AB2E-4470-83B2-F9B3D6545F01}.Release|x64.Build.0 = Release|x64
		{EB6327A7-AB2E-4470-83B2-F9B3D6545F01}.Release|x86.ActiveCfg = Release|Win32
		{EB6327A7-AB2E-4470-83B2-F9B3D6545F01}.Release|x86.Build.0 = Release|Win32
		{65BAA33E-EE72-4E86-8A8A-5CBBF0E8BDF6}.Debug|x64.ActiveCfg = Debug|x64
		{65BAA33E-EE72-4E86-8A8A-5CBBF0E8BDF6}.Debug|x64.Build.0 = Debug|x64
		{65BAA33E-EE72-4E86-8A8A-5CBBF0E8BDF6}.Debug|x86.ActiveCfg = Debug|Win32
		{65BAA33E-EE72-4E86-8A8A-5CBBF0E8BDF6}.Debug|x86.Build.0 = Debug|Win32
		{65BAA33E-EE72-4E86-8A8A-5CBBF0E8BDF6}.Release|x64.ActiveCfg = Release|x64
		{65BAA33E-EE72-4E86-8A8A-5CBBF0E8BDF6}.Release|x64.Build.0 = Release|x64
		{65BAA33E-EE72-4E86-8A8A-5CBBF0E8BDF6}.Release|x86.ActiveCfg = Release|Win32
		{65BAA33E-EE72-4E86-8A8A-5CBBF0E8BDF6}.Release|x86.Build.0 = Release|Win32
		{D559B091-E7C3-45E4-B8EF-858FEC991F44}.Debug|x64.ActiveCfg = Debug|x64
		{D559B091-E7C3-45E4-B8EF-858FEC991F44}.Debug|x64.Build.0 = Debug|x64
		{D559B091-E7C3-45E4-B8EF-858FEC991F44}.Debug|x86.ActiveCfg = Debug|Win32
		{D559B091-E7C3-45E4-B8EF-858FEC991F44}.Debug|x86.Build.0 = Debug|Win32
		{D559B091-E7C3-45E4-B8EF-858FEC991F44}.Release|x64.ActiveCfg = Release|x64
		{D559B091-E7C3-45E4-B8EF-858FEC991F44}.Release|x64.Build.0 = Release|x64
		{D559B091-E7C3-45E4-B8EF-858FEC991F44}.Release|x86.ActiveCfg = Release|Win32
		{D559B091-E7C3-45E4-B8EF-858FEC991F44}.Release|x86.Build.0 = Release|Win32
		{0B18AF12-93B3-4681-95FD-624167C0DC00}.Debug|x64.ActiveCfg = Debug|x64
		{0B18AF12-93B3-4681-95FD-624167C0DC00}.Debug|x64.Build.0 = Debug|x64
		{0B18AF12-93B3-4681-95FD-624167C0DC00}.Debug|x86.ActiveCfg = Debug|Win32
		{0B18AF12-93B3-4681-95FD-624167C0DC00}.Debug|x86.Build.0 = Debug|Win32
		{0B18AF12-93B3-4681-95FD-624167C0DC00}.Release|x64.ActiveCfg = Release|x64
		{0B18AF12-93B3-4681-95FD-624167C0DC00}.Release|x64.Build.0 = Release|x64
		{0B18AF12-93B3-4681-95FD-624167C0DC00}.Release|x86.ActiveCfg = Release|Win32
		{0B18AF12-93B3-4681-95FD-624167C0DC00}.Release|x86.Build.0 = Release|Win32
		{3163E2DC-B520-4AA4-9129-D44F731F6D26}.Debug|x64.ActiveCfg = Debug|x64
		{3163E2DC-B520-4AA4-9129-D44F731F6D26}.Debug|x64.Build.0 = Debug|x64
		{3163E2DC-B520-4AA4-9129-D44F731F6D26}.Debug|x86.ActiveCfg = Debug|Win32
		{3163E2DC-B520-4AA4-9129-D44F731F6D26}.Debug|x86.Build.0 = Debug|Win32
		{3163E2DC-B520-4AA4-9129-D44F731F6D26}.Release|x64.ActiveCfg = Release|x64
		{3163E2DC-B520-4AA4-9129-D44F731F6D26}.Release|x64.Build.0 = Release|x64
		{3163E2DC-B520-4AA4-9129-D44F731F6D26}.Release|x86.ActiveCfg = Release|Win32
		{3163E2DC-B520-4AA4-9129-D44F731F6D26}.Release|x86.Build.0 = Release|Win32
	EndGlobalSection
	GlobalSection(SolutionProperties) = preSolution
		HideSolutionNode = FALSE
	EndGlobalSection
EndGlobal
