
Microsoft Visual Studio Solution File, Format Version 12.00
# Visual Studio 14
VisualStudioVersion = 14.0.23107.0
MinimumVisualStudioVersion = 10.0.40219.1
Project("{8BC9CEB8-8B4A-11D0-8D11-00A0C91BC942}") = "BinarySearch", "BinarySearch\BinarySearch.vcxproj", "{C0137825-94E4-4F16-B03B-31C5D027C95F}"
EndProject
Project("{8BC9CEB8-8B4A-11D0-8D11-00A0C91BC942}") = "BinaryTreeTraversal", "BinaryTreeTraversal\BinaryTreeTraversal.vcxproj", "{3AB9CA71-DF5E-4018-9D61-E36DF23365F0}"
EndProject
Project("{8BC9CEB8-8B4A-11D0-8D11-00A0C91BC942}") = "EnumerateCombination", "EnumerateCombination\EnumerateCombination.vcxproj", "{7392D3AB-1D79-47EF-B7CB-B731CF818496}"
EndProject
Project("{8BC9CEB8-8B4A-11D0-8D11-00A0C91BC942}") = "EnumeratePermutation", "EnumeratePermutation\EnumeratePermutation.vcxproj", "{E8BA0EC2-8161-40D5-839E-AF737F69E886}"
EndProject
Project("{8BC9CEB8-8B4A-11D0-8D11-00A0C91BC942}") = "EnumerateRepCombination", "EnumerateRepCombination\EnumerateRepCombination.vcxproj", "{AF42C75F-7C89-4A61-9275-EC7C09F2253C}"
EndProject
Project("{8BC9CEB8-8B4A-11D0-8D11-00A0C91BC942}") = "EnumerateRepPermutation", "EnumerateRepPermutation\EnumerateRepPermutation.vcxproj", "{F494EDFD-400E-4B6F-BB8B-A5218F06C9CA}"
EndProject
Project("{8BC9CEB8-8B4A-11D0-8D11-00A0C91BC942}") = "EnumerateSubsets", "EnumerateSubsets\EnumerateSubsets.vcxproj", "{B23DA8DD-8449-4DCC-B704-BC5B55DCE848}"
EndProject
Project("{8BC9CEB8-8B4A-11D0-8D11-00A0C91BC942}") = "GrayCode", "GrayCode\GrayCode.vcxproj", "{40F39B00-268C-444A-B609-D06167AFC1B2}"
EndProject
Project("{8BC9CEB8-8B4A-11D0-8D11-00A0C91BC942}") = "HashTable", "HashTable\HashTable.vcxproj", "{17159847-9819-4E96-BABC-135E3C2AC91D}"
EndProject
Project("{8BC9CEB8-8B4A-11D0-8D11-00A0C91BC942}") = "Sort", "Sort\Sort.vcxproj", "{93479C58-B52E-4A50-981E-DE09C4D57984}"
EndProject
Global
	GlobalSection(SolutionConfigurationPlatforms) = preSolution
		Debug|x64 = Debug|x64
		Debug|x86 = Debug|x86
		Release|x64 = Release|x64
		Release|x86 = Release|x86
	EndGlobalSection
	GlobalSection(ProjectConfigurationPlatforms) = postSolution
		{C0137825-94E4-4F16-B03B-31C5D027C95F}.Debug|x64.ActiveCfg = Debug|x64
		{C0137825-94E4-4F16-B03B-31C5D027C95F}.Debug|x64.Build.0 = Debug|x64
		{C0137825-94E4-4F16-B03B-31C5D027C95F}.Debug|x86.ActiveCfg = Debug|Win32
		{C0137825-94E4-4F16-B03B-31C5D027C95F}.Debug|x86.Build.0 = Debug|Win32
		{C0137825-94E4-4F16-B03B-31C5D027C95F}.Release|x64.ActiveCfg = Release|x64
		{C0137825-94E4-4F16-B03B-31C5D027C95F}.Release|x64.Build.0 = Release|x64
		{C0137825-94E4-4F16-B03B-31C5D027C95F}.Release|x86.ActiveCfg = Release|Win32
		{C0137825-94E4-4F16-B03B-31C5D027C95F}.Release|x86.Build.0 = Release|Win32
		{3AB9CA71-DF5E-4018-9D61-E36DF23365F0}.Debug|x64.ActiveCfg = Debug|x64
		{3AB9CA71-DF5E-4018-9D61-E36DF23365F0}.Debug|x64.Build.0 = Debug|x64
		{3AB9CA71-DF5E-4018-9D61-E36DF23365F0}.Debug|x86.ActiveCfg = Debug|Win32
		{3AB9CA71-DF5E-4018-9D61-E36DF23365F0}.Debug|x86.Build.0 = Debug|Win32
		{3AB9CA71-DF5E-4018-9D61-E36DF23365F0}.Release|x64.ActiveCfg = Release|x64
		{3AB9CA71-DF5E-4018-9D61-E36DF23365F0}.Release|x64.Build.0 = Release|x64
		{3AB9CA71-DF5E-4018-9D61-E36DF23365F0}.Release|x86.ActiveCfg = Release|Win32
		{3AB9CA71-DF5E-4018-9D61-E36DF23365F0}.Release|x86.Build.0 = Release|Win32
		{7392D3AB-1D79-47EF-B7CB-B731CF818496}.Debug|x64.ActiveCfg = Debug|x64
		{7392D3AB-1D79-47EF-B7CB-B731CF818496}.Debug|x64.Build.0 = Debug|x64
		{7392D3AB-1D79-47EF-B7CB-B731CF818496}.Debug|x86.ActiveCfg = Debug|Win32
		{7392D3AB-1D79-47EF-B7CB-B731CF818496}.Debug|x86.Build.0 = Debug|Win32
		{7392D3AB-1D79-47EF-B7CB-B731CF818496}.Release|x64.ActiveCfg = Release|x64
		{7392D3AB-1D79-47EF-B7CB-B731CF818496}.Release|x64.Build.0 = Release|x64
		{7392D3AB-1D79-47EF-B7CB-B731CF818496}.Release|x86.ActiveCfg = Release|Win32
		{7392D3AB-1D79-47EF-B7CB-B731CF818496}.Release|x86.Build.0 = Release|Win32
		{E8BA0EC2-8161-40D5-839E-AF737F69E886}.Debug|x64.ActiveCfg = Debug|x64
		{E8BA0EC2-8161-40D5-839E-AF737F69E886}.Debug|x64.Build.0 = Debug|x64
		{E8BA0EC2-8161-40D5-839E-AF737F69E886}.Debug|x86.ActiveCfg = Debug|Win32
		{E8BA0EC2-8161-40D5-839E-AF737F69E886}.Debug|x86.Build.0 = Debug|Win32
		{E8BA0EC2-8161-40D5-839E-AF737F69E886}.Release|x64.ActiveCfg = Release|x64
		{E8BA0EC2-8161-40D5-839E-AF737F69E886}.Release|x64.Build.0 = Release|x64
		{E8BA0EC2-8161-40D5-839E-AF737F69E886}.Release|x86.ActiveCfg = Release|Win32
		{E8BA0EC2-8161-40D5-839E-AF737F69E886}.Release|x86.Build.0 = Release|Win32
		{AF42C75F-7C89-4A61-9275-EC7C09F2253C}.Debug|x64.ActiveCfg = Debug|x64
		{AF42C75F-7C89-4A61-9275-EC7C09F2253C}.Debug|x64.Build.0 = Debug|x64
		{AF42C75F-7C89-4A61-9275-EC7C09F2253C}.Debug|x86.ActiveCfg = Debug|Win32
		{AF42C75F-7C89-4A61-9275-EC7C09F2253C}.Debug|x86.Build.0 = Debug|Win32
		{AF42C75F-7C89-4A61-9275-EC7C09F2253C}.Release|x64.ActiveCfg = Release|x64
		{AF42C75F-7C89-4A61-9275-EC7C09F2253C}.Release|x64.Build.0 = Release|x64
		{AF42C75F-7C89-4A61-9275-EC7C09F2253C}.Release|x86.ActiveCfg = Release|Win32
		{AF42C75F-7C89-4A61-9275-EC7C09F2253C}.Release|x86.Build.0 = Release|Win32
		{F494EDFD-400E-4B6F-BB8B-A5218F06C9CA}.Debug|x64.ActiveCfg = Debug|x64
		{F494EDFD-400E-4B6F-BB8B-A5218F06C9CA}.Debug|x64.Build.0 = Debug|x64
		{F494EDFD-400E-4B6F-BB8B-A5218F06C9CA}.Debug|x86.ActiveCfg = Debug|Win32
		{F494EDFD-400E-4B6F-BB8B-A5218F06C9CA}.Debug|x86.Build.0 = Debug|Win32
		{F494EDFD-400E-4B6F-BB8B-A5218F06C9CA}.Release|x64.ActiveCfg = Release|x64
		{F494EDFD-400E-4B6F-BB8B-A5218F06C9CA}.Release|x64.Build.0 = Release|x64
		{F494EDFD-400E-4B6F-BB8B-A5218F06C9CA}.Release|x86.ActiveCfg = Release|Win32
		{F494EDFD-400E-4B6F-BB8B-A5218F06C9CA}.Release|x86.Build.0 = Release|Win32
		{B23DA8DD-8449-4DCC-B704-BC5B55DCE848}.Debug|x64.ActiveCfg = Debug|x64
		{B23DA8DD-8449-4DCC-B704-BC5B55DCE848}.Debug|x64.Build.0 = Debug|x64
		{B23DA8DD-8449-4DCC-B704-BC5B55DCE848}.Debug|x86.ActiveCfg = Debug|Win32
		{B23DA8DD-8449-4DCC-B704-BC5B55DCE848}.Debug|x86.Build.0 = Debug|Win32
		{B23DA8DD-8449-4DCC-B704-BC5B55DCE848}.Release|x64.ActiveCfg = Release|x64
		{B23DA8DD-8449-4DCC-B704-BC5B55DCE848}.Release|x64.Build.0 = Release|x64
		{B23DA8DD-8449-4DCC-B704-BC5B55DCE848}.Release|x86.ActiveCfg = Release|Win32
		{B23DA8DD-8449-4DCC-B704-BC5B55DCE848}.Release|x86.Build.0 = Release|Win32
		{40F39B00-268C-444A-B609-D06167AFC1B2}.Debug|x64.ActiveCfg = Debug|x64
		{40F39B00-268C-444A-B609-D06167AFC1B2}.Debug|x64.Build.0 = Debug|x64
		{40F39B00-268C-444A-B609-D06167AFC1B2}.Debug|x86.ActiveCfg = Debug|Win32
		{40F39B00-268C-444A-B609-D06167AFC1B2}.Debug|x86.Build.0 = Debug|Win32
		{40F39B00-268C-444A-B609-D06167AFC1B2}.Release|x64.ActiveCfg = Release|x64
		{40F39B00-268C-444A-B609-D06167AFC1B2}.Release|x64.Build.0 = Release|x64
		{40F39B00-268C-444A-B609-D06167AFC1B2}.Release|x86.ActiveCfg = Release|Win32
		{40F39B00-268C-444A-B609-D06167AFC1B2}.Release|x86.Build.0 = Release|Win32
		{17159847-9819-4E96-BABC-135E3C2AC91D}.Debug|x64.ActiveCfg = Debug|x64
		{17159847-9819-4E96-BABC-135E3C2AC91D}.Debug|x64.Build.0 = Debug|x64
		{17159847-9819-4E96-BABC-135E3C2AC91D}.Debug|x86.ActiveCfg = Debug|Win32
		{17159847-9819-4E96-BABC-135E3C2AC91D}.Debug|x86.Build.0 = Debug|Win32
		{17159847-9819-4E96-BABC-135E3C2AC91D}.Release|x64.ActiveCfg = Release|x64
		{17159847-9819-4E96-BABC-135E3C2AC91D}.Release|x64.Build.0 = Release|x64
		{17159847-9819-4E96-BABC-135E3C2AC91D}.Release|x86.ActiveCfg = Release|Win32
		{17159847-9819-4E96-BABC-135E3C2AC91D}.Release|x86.Build.0 = Release|Win32
		{93479C58-B52E-4A50-981E-DE09C4D57984}.Debug|x64.ActiveCfg = Debug|x64
		{93479C58-B52E-4A50-981E-DE09C4D57984}.Debug|x64.Build.0 = Debug|x64
		{93479C58-B52E-4A50-981E-DE09C4D57984}.Debug|x86.ActiveCfg = Debug|Win32
		{93479C58-B52E-4A50-981E-DE09C4D57984}.Debug|x86.Build.0 = Debug|Win32
		{93479C58-B52E-4A50-981E-DE09C4D57984}.Release|x64.ActiveCfg = Release|x64
		{93479C58-B52E-4A50-981E-DE09C4D57984}.Release|x64.Build.0 = Release|x64
		{93479C58-B52E-4A50-981E-DE09C4D57984}.Release|x86.ActiveCfg = Release|Win32
		{93479C58-B52E-4A50-981E-DE09C4D57984}.Release|x86.Build.0 = Release|Win32
	EndGlobalSection
	GlobalSection(SolutionProperties) = preSolution
		HideSolutionNode = FALSE
	EndGlobalSection
EndGlobal
